{
  "lockfileVersion": 2,
  "configVersion": 1,
  "workspaces": {
    "": {
      "name": "gol-coworker",
      "dependencies": {
        "@gpuix/react": "0.10.0",
        "react": "^19.2.4",
      },
    },
  },
  "packages": {
    "@gpuix/native": ["@gpuix/native@0.10.0", "", { "dependencies": { "eventsource-parser": "^4.1.0", "zod": "^4.4.3" }, "optionalDependencies": { "@gpuix/native-darwin-arm64": "0.10.0", "@gpuix/native-linux-x64-gnu": "0.10.0", "@gpuix/native-win32-x64-msvc": "0.10.0" } }, "sha512-hBvQ0vT1ybOoRDQu6JASgRfdcWFbHTRQ0Fr3oiTxdclvzdR8v9fBUQVYfVtgZnnL4pl1LS02eNrQx8//E6/Xjw=="],

    "@gpuix/native-darwin-arm64": ["@gpuix/native-darwin-arm64@0.10.0", "", { "os": "darwin", "cpu": "arm64" }, "sha512-Uu1aiZsKBPuk9llFkoaFU95k1t+drG3txv97SgZZZ2x4LKqvy5c0bmklhCG1r7Ypm62qY/NKY0Sl553r/G34Tg=="],

    "@gpuix/native-linux-x64-gnu": ["@gpuix/native-linux-x64-gnu@0.10.0", "", { "os": "linux", "cpu": "x64" }, "sha512-HNLL+jp+FA5qvdHq52MDGnj6LmsbkVXojwalGgNYA+iJlffFGfzHkCRmoM21Z+TNKa5cvuRTPgnfP6FGr8KxIw=="],

    "@gpuix/native-win32-x64-msvc": ["@gpuix/native-win32-x64-msvc@0.10.0", "", { "os": "win32", "cpu": "x64" }, "sha512-4NQ81KBzcItiSJGupmvvSpuELCF139fqjQSSscHKbYCD+mcAyhOxADr3I2BNHXWhQr42jUgXhV2n/n0udN1KMQ=="],

    "@gpuix/react": ["@gpuix/react@0.10.0", "", { "dependencies": { "@gpuix/native": "^0.10.0", "react-reconciler": "^0.31.0" }, "peerDependencies": { "react": "^18.0.0 || ^19.0.0" } }, "sha512-RB//IrYBghiso0K0h8V+K9huwzONtEhwdpXoCs/rZjqN1F4RGxjhaeChtAwTt/JnjTSM1rcLi5cicM1xy8kr+g=="],

    "eventsource-parser": ["eventsource-parser@4.1.1", "", {}, "sha512-zaWNqeSLeyzEAAt2Q6aDBRDRk/VnPmsKqvToyGvv6aahvLv71A4Jw7jG93Hckf11zXurbqgsffvpSgKPoeU1Qw=="],

    "react": ["react@19.3.0", "", {}, "sha512-E8LUcbtBWt20bbl2YoHfx4ZDBdxVTfOKtCZn9cDSJ4l6/nuoApcpIBcj47t2wZoVX8g2ZHuMHbiShgCR1T5Sog=="],

    "react-reconciler": ["react-reconciler@0.31.0", "", { "dependencies": { "scheduler": "^0.25.0" }, "peerDependencies": { "react": "^19.0.0" } }, "sha512-7Ob7Z+URmesIsIVRjnLoDGwBEG/tVitidU0nMsqX/eeJaLY89RISO/10ERe0MqmzuKUUB1rmY+h1itMbUHg9BQ=="],

    "scheduler": ["scheduler@0.25.0", "", {}, "sha512-xFVuu11jh+xcO7JOAGJNOXld8/TcEHK/4CituBUeUb5hqxJLj9YuemAEuvm9gQ/+pgXYfbQuqAkiYu+u7YEsNA=="],

    "zod": ["zod@4.6.5", "", {}, "sha512-v5l/aFXZQeai4awLbOpSoHecE9UiMrnfx75tEXLjNonXVARxQ5mOeipTjROUchszUNCqnE+hqAMujRsRHsut2Q=="],
  }
}
